  dependencies:
- name: zookeeper
  version: 6.7.2
  repository: "file://../charts/zookeeper"
  condition: zookeeper.enabled
- name: postgresql
  version: 8.6.4
  repository: "file://../charts/postgresql"
  condition: postgresql.enabled
- name: mongodb
  version: 10.13.0
  repository: "file://../charts/mongodb"
  condition: mongodb.enabled
- name: mysql
  version: 8.0.26
  repository: "file://../charts/mysql"
  condition: mysql.enabled
digest: sha256:9f40f1ab38082b8093e7e2ea822ea37fab9847c56cfa6e109db4b68c76604f97
generated: "2021-05-04T15:10:42.9123049+06:00"
